{
	"requires": true,
	"lockfileVersion": 1,
	"dependencies": {
		"text-direction": {
			"version": "1.1.0",
			"resolved": "https://registry.npmjs.org/text-direction/-/text-direction-1.1.0.tgz",
			"integrity": "sha512-3qy0wDT/t4HF4h7rKJxxdas2QFGPrD8wALHMn8msrNqMSKknJjwhjER1yO+Lcay+5RraqhTqkSzSAyTGFj2E9Q=="
		}
	}
}
